
Microsoft Visual Studio Solution File, Format Version 12.00
# Visual Studio Version 17
VisualStudioVersion = 17.10.35013.160
MinimumVisualStudioVersion = 10.0.40219.1
Project("{FAE04EC0-301F-11D3-BF4B-00C04F79EFBC}") = "ex19", "ex19.csproj", "{33F4B113-BC1A-4A22-B063-41CCDF0EF908}"
EndProject
Global
	GlobalSection(SolutionConfigurationPlatforms) = preSolution
		Debug|Any CPU = Debug|Any CPU
		Release|Any CPU = Release|Any CPU
	EndGlobalSection
	GlobalSection(ProjectConfigurationPlatforms) = postSolution
		{33F4B113-BC1A-4A22-B063-41CCDF0EF908}.Debug|Any CPU.ActiveCfg = Debug|Any CPU
		{33F4B113-BC1A-4A22-B063-41CCDF0EF908}.Debug|Any CPU.Build.0 = Debug|Any CPU
		{33F4B113-BC1A-4A22-B063-41CCDF0EF908}.Release|Any CPU.ActiveCfg = Release|Any CPU
		{33F4B113-BC1A-4A22-B063-41CCDF0EF908}.Release|Any CPU.Build.0 = Release|Any CPU
	EndGlobalSection
	GlobalSection(SolutionProperties) = preSolution
		HideSolutionNode = FALSE
	EndGlobalSection
	GlobalSection(ExtensibilityGlobals) = postSolution
		SolutionGuid = {286DA9B4-99C5-4ECC-806A-4CAC6BEBC3A6}
	EndGlobalSection
EndGlobal
