
Microsoft Visual Studio Solution File, Format Version 12.00
# Visual Studio Version 17
VisualStudioVersion = 17.10.35013.160
MinimumVisualStudioVersion = 10.0.40219.1
Project("{FAE04EC0-301F-11D3-BF4B-00C04F79EFBC}") = "ex9", "ex9.csproj", "{03E0266D-CDF3-4414-823D-DD2219EBD1B7}"
EndProject
Global
	GlobalSection(SolutionConfigurationPlatforms) = preSolution
		Debug|Any CPU = Debug|Any CPU
		Release|Any CPU = Release|Any CPU
	EndGlobalSection
	GlobalSection(ProjectConfigurationPlatforms) = postSolution
		{03E0266D-CDF3-4414-823D-DD2219EBD1B7}.Debug|Any CPU.ActiveCfg = Debug|Any CPU
		{03E0266D-CDF3-4414-823D-DD2219EBD1B7}.Debug|Any CPU.Build.0 = Debug|Any CPU
		{03E0266D-CDF3-4414-823D-DD2219EBD1B7}.Release|Any CPU.ActiveCfg = Release|Any CPU
		{03E0266D-CDF3-4414-823D-DD2219EBD1B7}.Release|Any CPU.Build.0 = Release|Any CPU
	EndGlobalSection
	GlobalSection(SolutionProperties) = preSolution
		HideSolutionNode = FALSE
	EndGlobalSection
	GlobalSection(ExtensibilityGlobals) = postSolution
		SolutionGuid = {980F4B85-1FE2-4FC9-BDAA-1C735D49754A}
	EndGlobalSection
EndGlobal
