
Microsoft Visual Studio Solution File, Format Version 12.00
# Visual Studio Version 17
VisualStudioVersion = 17.10.35013.160
MinimumVisualStudioVersion = 10.0.40219.1
Project("{FAE04EC0-301F-11D3-BF4B-00C04F79EFBC}") = "ex17", "ex17.csproj", "{B347ED4E-874F-493E-9B2E-B644FA948525}"
EndProject
Global
	GlobalSection(SolutionConfigurationPlatforms) = preSolution
		Debug|Any CPU = Debug|Any CPU
		Release|Any CPU = Release|Any CPU
	EndGlobalSection
	GlobalSection(ProjectConfigurationPlatforms) = postSolution
		{B347ED4E-874F-493E-9B2E-B644FA948525}.Debug|Any CPU.ActiveCfg = Debug|Any CPU
		{B347ED4E-874F-493E-9B2E-B644FA948525}.Debug|Any CPU.Build.0 = Debug|Any CPU
		{B347ED4E-874F-493E-9B2E-B644FA948525}.Release|Any CPU.ActiveCfg = Release|Any CPU
		{B347ED4E-874F-493E-9B2E-B644FA948525}.Release|Any CPU.Build.0 = Release|Any CPU
	EndGlobalSection
	GlobalSection(SolutionProperties) = preSolution
		HideSolutionNode = FALSE
	EndGlobalSection
	GlobalSection(ExtensibilityGlobals) = postSolution
		SolutionGuid = {E4D49487-93E6-459F-AFB1-A99C265187F6}
	EndGlobalSection
EndGlobal
