
Microsoft Visual Studio Solution File, Format Version 12.00
# Visual Studio Version 17
VisualStudioVersion = 17.10.35013.160
MinimumVisualStudioVersion = 10.0.40219.1
Project("{FAE04EC0-301F-11D3-BF4B-00C04F79EFBC}") = "ex8", "ex8.csproj", "{DDF4F03D-8724-467F-BAA2-4F2BED8A3831}"
EndProject
Global
	GlobalSection(SolutionConfigurationPlatforms) = preSolution
		Debug|Any CPU = Debug|Any CPU
		Release|Any CPU = Release|Any CPU
	EndGlobalSection
	GlobalSection(ProjectConfigurationPlatforms) = postSolution
		{DDF4F03D-8724-467F-BAA2-4F2BED8A3831}.Debug|Any CPU.ActiveCfg = Debug|Any CPU
		{DDF4F03D-8724-467F-BAA2-4F2BED8A3831}.Debug|Any CPU.Build.0 = Debug|Any CPU
		{DDF4F03D-8724-467F-BAA2-4F2BED8A3831}.Release|Any CPU.ActiveCfg = Release|Any CPU
		{DDF4F03D-8724-467F-BAA2-4F2BED8A3831}.Release|Any CPU.Build.0 = Release|Any CPU
	EndGlobalSection
	GlobalSection(SolutionProperties) = preSolution
		HideSolutionNode = FALSE
	EndGlobalSection
	GlobalSection(ExtensibilityGlobals) = postSolution
		SolutionGuid = {85223340-DFDC-4ADF-8302-18612418A82B}
	EndGlobalSection
EndGlobal
