
Microsoft Visual Studio Solution File, Format Version 12.00
# Visual Studio Version 17
VisualStudioVersion = 17.10.35013.160
MinimumVisualStudioVersion = 10.0.40219.1
Project("{FAE04EC0-301F-11D3-BF4B-00C04F79EFBC}") = "ex12", "ex12.csproj", "{8588AF3E-C628-4255-B171-13673C889FC7}"
EndProject
Global
	GlobalSection(SolutionConfigurationPlatforms) = preSolution
		Debug|Any CPU = Debug|Any CPU
		Release|Any CPU = Release|Any CPU
	EndGlobalSection
	GlobalSection(ProjectConfigurationPlatforms) = postSolution
		{8588AF3E-C628-4255-B171-13673C889FC7}.Debug|Any CPU.ActiveCfg = Debug|Any CPU
		{8588AF3E-C628-4255-B171-13673C889FC7}.Debug|Any CPU.Build.0 = Debug|Any CPU
		{8588AF3E-C628-4255-B171-13673C889FC7}.Release|Any CPU.ActiveCfg = Release|Any CPU
		{8588AF3E-C628-4255-B171-13673C889FC7}.Release|Any CPU.Build.0 = Release|Any CPU
	EndGlobalSection
	GlobalSection(SolutionProperties) = preSolution
		HideSolutionNode = FALSE
	EndGlobalSection
	GlobalSection(ExtensibilityGlobals) = postSolution
		SolutionGuid = {43AB4AB9-52BB-4A7A-8D0B-9C3452DF650E}
	EndGlobalSection
EndGlobal
